
Microsoft Visual Studio Solution File, Format Version 12.00
# Visual Studio Version 16
VisualStudioVersion = 16.0.32106.194
MinimumVisualStudioVersion = 10.0.40219.1
Project("{FAE04EC0-301F-11D3-BF4B-00C04F79EFBC}") = "HomeWorkUpConstruction", "HomeWorkUpConstruction\HomeWorkUpConstruction.csproj", "{F08F5535-8AAF-4F27-9C3A-F0E9B170D3C7}"
EndProject
Global
	GlobalSection(SolutionConfigurationPlatforms) = preSolution
		Debug|Any CPU = Debug|Any CPU
		Release|Any CPU = Release|Any CPU
	EndGlobalSection
	GlobalSection(ProjectConfigurationPlatforms) = postSolution
		{F08F5535-8AAF-4F27-9C3A-F0E9B170D3C7}.Debug|Any CPU.ActiveCfg = Debug|Any CPU
		{F08F5535-8AAF-4F27-9C3A-F0E9B170D3C7}.Debug|Any CPU.Build.0 = Debug|Any CPU
		{F08F5535-8AAF-4F27-9C3A-F0E9B170D3C7}.Release|Any CPU.ActiveCfg = Release|Any CPU
		{F08F5535-8AAF-4F27-9C3A-F0E9B170D3C7}.Release|Any CPU.Build.0 = Release|Any CPU
	EndGlobalSection
	GlobalSection(SolutionProperties) = preSolution
		HideSolutionNode = FALSE
	EndGlobalSection
	GlobalSection(ExtensibilityGlobals) = postSolution
		SolutionGuid = {55F03B06-20D5-4DC5-849E-45E4FE4E6FD1}
	EndGlobalSection
EndGlobal
